Microsoft Visual Studio Solution File, Format Version 12.00
# Visual Studio Version 17
VisualStudioVersion = 17.5.2.0
MinimumVisualStudioVersion = 10.0.40219.1
Project("{2150E333-8FDC-42A3-9474-1A3956D46DE8}") = "AldoApp_ti4kskw", "AldoApp_ti4kskw", "{BFFE46BE-CFF1-E1C6-7AD5-CDF176FC29CB}"
EndProject
Project("{2150E333-8FDC-42A3-9474-1A3956D46DE8}") = "AldoRequests", "AldoRequests", "{4E413CF2-FB17-FD1F-861B-ECC4D257193A}"
EndProject
Project("{2150E333-8FDC-42A3-9474-1A3956D46DE8}") = "CrtC360InUiV2", "CrtC360InUiV2", "{72B49997-8F19-A41B-2BBE-847CBA9D8306}"
EndProject
Project("{2150E333-8FDC-42A3-9474-1A3956D46DE8}") = "CrtCore", "CrtCore", "{69DE3606-E6BD-F908-5CD8-DB4CD6952042}"
EndProject
Project("{2150E333-8FDC-42A3-9474-1A3956D46DE8}") = "CrtCustomer360App", "CrtCustomer360App", "{DE5099B2-D13E-267B-C9FE-745C1A486D27}"
EndProject
Project("{2150E333-8FDC-42A3-9474-1A3956D46DE8}") = "CrtCustomer360Mobile", "CrtCustomer360Mobile", "{20BFF5ED-70DB-7AA9-F968-5FE6469E2881}"
EndProject
Project("{2150E333-8FDC-42A3-9474-1A3956D46DE8}") = "CrtEmailSender", "CrtEmailSender", "{1FCE5EA6-6928-5B05-C03E-2477F1C8D27E}"
EndProject
Project("{2150E333-8FDC-42A3-9474-1A3956D46DE8}") = "CrtNextStep", "CrtNextStep", "{24286450-5083-9283-75A7-E6CC9BE46900}"
EndProject
Project("{2150E333-8FDC-42A3-9474-1A3956D46DE8}") = "CrtProductivityApp", "CrtProductivityApp", "{55BB4B61-A46D-CA15-B656-41E74403A653}"
EndProject
Project("{2150E333-8FDC-42A3-9474-1A3956D46DE8}") = "CrtProductivityCopilot", "CrtProductivityCopilot", "{D88CDF77-CF44-0C4F-1E22-2145FFED0E3B}"
EndProject
Project("{2150E333-8FDC-42A3-9474-1A3956D46DE8}") = "CrtProductivityMobile", "CrtProductivityMobile", "{487BC188-79EA-5012-127D-33ED91D43D82}"
EndProject
Project("{2150E333-8FDC-42A3-9474-1A3956D46DE8}") = "CrtSmsIntegration", "CrtSmsIntegration", "{EF50D627-C5D3-DF95-3935-50B9AEB53C8F}"
EndProject
Project("{2150E333-8FDC-42A3-9474-1A3956D46DE8}") = "CrtUISwitcher", "CrtUISwitcher", "{BE49F5CC-47D4-B6EE-0617-A6B3BEAAA92C}"
EndProject
Project("{2150E333-8FDC-42A3-9474-1A3956D46DE8}") = "CSP", "CSP", "{C1307707-F12E-78A4-366B-68670753E97D}"
EndProject
Project("{2150E333-8FDC-42A3-9474-1A3956D46DE8}") = "DevClassicUI", "DevClassicUI", "{B15826BD-85A8-9F54-C787-F69A4B2917A0}"
EndProject
Project("{2150E333-8FDC-42A3-9474-1A3956D46DE8}") = "FeatureToggling", "FeatureToggling", "{5EFF02A9-98AF-0A35-3074-BCE925771623}"
EndProject
Project("{2150E333-8FDC-42A3-9474-1A3956D46DE8}") = "Finesse", "Finesse", "{7E44A007-2D1C-AF09-6B35-E80AFB399CC6}"
EndProject
Project("{2150E333-8FDC-42A3-9474-1A3956D46DE8}") = "MLProcessDesigner", "MLProcessDesigner", "{6AB21B39-2C3D-47FD-ADB4-5EDDDB833254}"
EndProject
Project("{2150E333-8FDC-42A3-9474-1A3956D46DE8}") = "OpenIdAuth", "OpenIdAuth", "{541CB66F-BE24-BB0A-4BF7-61A3F2C80036}"
EndProject
Project("{2150E333-8FDC-42A3-9474-1A3956D46DE8}") = "SsoSettings", "SsoSettings", "{4C3855D9-575D-BEE4-537D-E565805A7032}"
EndProject
Project("{2150E333-8FDC-42A3-9474-1A3956D46DE8}") = "XSSProtection", "XSSProtection", "{170A6967-FC07-DEA8-89E9-33783D940DC2}"
EndProject
Project("{FAE04EC0-301F-11D3-BF4B-00C04F79EFBC}") = "AldoApp_ti4kskw", "AldoApp_ti4kskw\Files\AldoApp_ti4kskw.csproj", "{89344CC3-B5AF-53AE-9D67-701EAFC924D7}"
EndProject
Project("{FAE04EC0-301F-11D3-BF4B-00C04F79EFBC}") = "AldoRequests", "AldoRequests\Files\AldoRequests.csproj", "{0914FCCE-F4C7-5EDF-AA39-07ADECDF8E68}"
EndProject
Project("{FAE04EC0-301F-11D3-BF4B-00C04F79EFBC}") = "CrtC360InUiV2", "CrtC360InUiV2\Files\CrtC360InUiV2.csproj", "{801BF5E5-D976-4C86-61CB-E5013E166929}"
EndProject
Project("{FAE04EC0-301F-11D3-BF4B-00C04F79EFBC}") = "CrtCore", "CrtCore\Files\CrtCore.csproj", "{B80B8562-AC32-30EB-9FEE-22B570A032CA}"
EndProject
Project("{FAE04EC0-301F-11D3-BF4B-00C04F79EFBC}") = "CrtCustomer360App", "CrtCustomer360App\Files\CrtCustomer360App.csproj", "{166DD93E-481F-A73F-96B2-0F1D41444584}"
EndProject
Project("{FAE04EC0-301F-11D3-BF4B-00C04F79EFBC}") = "CrtCustomer360Mobile", "CrtCustomer360Mobile\Files\CrtCustomer360Mobile.csproj", "{C51200AE-AB28-260B-9100-418EE8BF15D3}"
EndProject
Project("{FAE04EC0-301F-11D3-BF4B-00C04F79EFBC}") = "CrtEmailSender", "CrtEmailSender\Files\CrtEmailSender.csproj", "{E8270392-A40D-71D6-5E1A-ADF079B0973A}"
EndProject
Project("{FAE04EC0-301F-11D3-BF4B-00C04F79EFBC}") = "CrtNextStep", "CrtNextStep\Files\CrtNextStep.csproj", "{F21A6E78-E2C4-40F8-E402-5949EF9A84C5}"
EndProject
Project("{FAE04EC0-301F-11D3-BF4B-00C04F79EFBC}") = "CrtProductivityApp", "CrtProductivityApp\Files\CrtProductivityApp.csproj", "{07D57A23-DC69-B76B-C7E9-549D29E0185E}"
EndProject
Project("{FAE04EC0-301F-11D3-BF4B-00C04F79EFBC}") = "CrtProductivityCopilot", "CrtProductivityCopilot\Files\CrtProductivityCopilot.csproj", "{0F136BE4-4160-5559-CBAE-BD611A59835A}"
EndProject
Project("{FAE04EC0-301F-11D3-BF4B-00C04F79EFBC}") = "CrtProductivityMobile", "CrtProductivityMobile\Files\CrtProductivityMobile.csproj", "{880FE2D0-C4A9-5FEF-5219-2008C7645807}"
EndProject
Project("{FAE04EC0-301F-11D3-BF4B-00C04F79EFBC}") = "CrtSmsIntegration", "CrtSmsIntegration\Files\CrtSmsIntegration.csproj", "{F227EDAF-5189-02FD-E03E-1F5BEBA0ECC8}"
EndProject
Project("{FAE04EC0-301F-11D3-BF4B-00C04F79EFBC}") = "CrtUISwitcher", "CrtUISwitcher\Files\CrtUISwitcher.csproj", "{3B8DC658-2275-E4FC-D382-63BA2C3340C8}"
EndProject
Project("{FAE04EC0-301F-11D3-BF4B-00C04F79EFBC}") = "CSP", "CSP\Files\CSP.csproj", "{E4FCEC30-C4B0-0BE3-BEB4-4F4A18D2C5C3}"
EndProject
Project("{FAE04EC0-301F-11D3-BF4B-00C04F79EFBC}") = "DevClassicUI", "DevClassicUI\Files\DevClassicUI.csproj", "{10E1B761-4C64-C09F-E8C2-C44932D99CF9}"
EndProject
Project("{FAE04EC0-301F-11D3-BF4B-00C04F79EFBC}") = "FeatureToggling", "FeatureToggling\Files\FeatureToggling.csproj", "{7176AE6D-D3C8-3D2C-0C5B-6E7AAF4F4016}"
EndProject
Project("{FAE04EC0-301F-11D3-BF4B-00C04F79EFBC}") = "Finesse", "Finesse\Files\Finesse.csproj", "{13E8CD3C-F8E6-AC64-0B4C-A6D98485114D}"
EndProject
Project("{FAE04EC0-301F-11D3-BF4B-00C04F79EFBC}") = "MLProcessDesigner", "MLProcessDesigner\Files\MLProcessDesigner.csproj", "{D34E5CE4-5B76-7090-9D2D-A3D5EF360107}"
EndProject
Project("{FAE04EC0-301F-11D3-BF4B-00C04F79EFBC}") = "OpenIdAuth", "OpenIdAuth\Files\OpenIdAuth.csproj", "{E0B7CAEF-9E21-B2BA-4583-C844BAB00579}"
EndProject
Project("{FAE04EC0-301F-11D3-BF4B-00C04F79EFBC}") = "SsoSettings", "SsoSettings\Files\SsoSettings.csproj", "{C3D05BB2-AF0C-A165-0916-5BFB70E537AB}"
EndProject
Project("{FAE04EC0-301F-11D3-BF4B-00C04F79EFBC}") = "XSSProtection", "XSSProtection\Files\XSSProtection.csproj", "{85CF913F-F9A3-38CE-A05E-098F48748ACC}"
EndProject
Global
	GlobalSection(SolutionConfigurationPlatforms) = preSolution
		Debug|Any CPU = Debug|Any CPU
		Release|Any CPU = Release|Any CPU
	EndGlobalSection
	GlobalSection(ProjectConfigurationPlatforms) = postSolution
		{89344CC3-B5AF-53AE-9D67-701EAFC924D7}.Debug|Any CPU.ActiveCfg = Debug|Any CPU
		{89344CC3-B5AF-53AE-9D67-701EAFC924D7}.Debug|Any CPU.Build.0 = Debug|Any CPU
		{89344CC3-B5AF-53AE-9D67-701EAFC924D7}.Release|Any CPU.ActiveCfg = Release|Any CPU
		{89344CC3-B5AF-53AE-9D67-701EAFC924D7}.Release|Any CPU.Build.0 = Release|Any CPU
		{0914FCCE-F4C7-5EDF-AA39-07ADECDF8E68}.Debug|Any CPU.ActiveCfg = Debug|Any CPU
		{0914FCCE-F4C7-5EDF-AA39-07ADECDF8E68}.Debug|Any CPU.Build.0 = Debug|Any CPU
		{0914FCCE-F4C7-5EDF-AA39-07ADECDF8E68}.Release|Any CPU.ActiveCfg = Release|Any CPU
		{0914FCCE-F4C7-5EDF-AA39-07ADECDF8E68}.Release|Any CPU.Build.0 = Release|Any CPU
		{801BF5E5-D976-4C86-61CB-E5013E166929}.Debug|Any CPU.ActiveCfg = Debug|Any CPU
		{801BF5E5-D976-4C86-61CB-E5013E166929}.Debug|Any CPU.Build.0 = Debug|Any CPU
		{801BF5E5-D976-4C86-61CB-E5013E166929}.Release|Any CPU.ActiveCfg = Release|Any CPU
		{801BF5E5-D976-4C86-61CB-E5013E166929}.Release|Any CPU.Build.0 = Release|Any CPU
		{B80B8562-AC32-30EB-9FEE-22B570A032CA}.Debug|Any CPU.ActiveCfg = Debug|Any CPU
		{B80B8562-AC32-30EB-9FEE-22B570A032CA}.Debug|Any CPU.Build.0 = Debug|Any CPU
		{B80B8562-AC32-30EB-9FEE-22B570A032CA}.Release|Any CPU.ActiveCfg = Release|Any CPU
		{B80B8562-AC32-30EB-9FEE-22B570A032CA}.Release|Any CPU.Build.0 = Release|Any CPU
		{166DD93E-481F-A73F-96B2-0F1D41444584}.Debug|Any CPU.ActiveCfg = Debug|Any CPU
		{166DD93E-481F-A73F-96B2-0F1D41444584}.Debug|Any CPU.Build.0 = Debug|Any CPU
		{166DD93E-481F-A73F-96B2-0F1D41444584}.Release|Any CPU.ActiveCfg = Release|Any CPU
		{166DD93E-481F-A73F-96B2-0F1D41444584}.Release|Any CPU.Build.0 = Release|Any CPU
		{C51200AE-AB28-260B-9100-418EE8BF15D3}.Debug|Any CPU.ActiveCfg = Debug|Any CPU
		{C51200AE-AB28-260B-9100-418EE8BF15D3}.Debug|Any CPU.Build.0 = Debug|Any CPU
		{C51200AE-AB28-260B-9100-418EE8BF15D3}.Release|Any CPU.ActiveCfg = Release|Any CPU
		{C51200AE-AB28-260B-9100-418EE8BF15D3}.Release|Any CPU.Build.0 = Release|Any CPU
		{E8270392-A40D-71D6-5E1A-ADF079B0973A}.Debug|Any CPU.ActiveCfg = Debug|Any CPU
		{E8270392-A40D-71D6-5E1A-ADF079B0973A}.Debug|Any CPU.Build.0 = Debug|Any CPU
		{E8270392-A40D-71D6-5E1A-ADF079B0973A}.Release|Any CPU.ActiveCfg = Release|Any CPU
		{E8270392-A40D-71D6-5E1A-ADF079B0973A}.Release|Any CPU.Build.0 = Release|Any CPU
		{F21A6E78-E2C4-40F8-E402-5949EF9A84C5}.Debug|Any CPU.ActiveCfg = Debug|Any CPU
		{F21A6E78-E2C4-40F8-E402-5949EF9A84C5}.Debug|Any CPU.Build.0 = Debug|Any CPU
		{F21A6E78-E2C4-40F8-E402-5949EF9A84C5}.Release|Any CPU.ActiveCfg = Release|Any CPU
		{F21A6E78-E2C4-40F8-E402-5949EF9A84C5}.Release|Any CPU.Build.0 = Release|Any CPU
		{07D57A23-DC69-B76B-C7E9-549D29E0185E}.Debug|Any CPU.ActiveCfg = Debug|Any CPU
		{07D57A23-DC69-B76B-C7E9-549D29E0185E}.Debug|Any CPU.Build.0 = Debug|Any CPU
		{07D57A23-DC69-B76B-C7E9-549D29E0185E}.Release|Any CPU.ActiveCfg = Release|Any CPU
		{07D57A23-DC69-B76B-C7E9-549D29E0185E}.Release|Any CPU.Build.0 = Release|Any CPU
		{0F136BE4-4160-5559-CBAE-BD611A59835A}.Debug|Any CPU.ActiveCfg = Debug|Any CPU
		{0F136BE4-4160-5559-CBAE-BD611A59835A}.Debug|Any CPU.Build.0 = Debug|Any CPU
		{0F136BE4-4160-5559-CBAE-BD611A59835A}.Release|Any CPU.ActiveCfg = Release|Any CPU
		{0F136BE4-4160-5559-CBAE-BD611A59835A}.Release|Any CPU.Build.0 = Release|Any CPU
		{880FE2D0-C4A9-5FEF-5219-2008C7645807}.Debug|Any CPU.ActiveCfg = Debug|Any CPU
		{880FE2D0-C4A9-5FEF-5219-2008C7645807}.Debug|Any CPU.Build.0 = Debug|Any CPU
		{880FE2D0-C4A9-5FEF-5219-2008C7645807}.Release|Any CPU.ActiveCfg = Release|Any CPU
		{880FE2D0-C4A9-5FEF-5219-2008C7645807}.Release|Any CPU.Build.0 = Release|Any CPU
		{F227EDAF-5189-02FD-E03E-1F5BEBA0ECC8}.Debug|Any CPU.ActiveCfg = Debug|Any CPU
		{F227EDAF-5189-02FD-E03E-1F5BEBA0ECC8}.Debug|Any CPU.Build.0 = Debug|Any CPU
		{F227EDAF-5189-02FD-E03E-1F5BEBA0ECC8}.Release|Any CPU.ActiveCfg = Release|Any CPU
		{F227EDAF-5189-02FD-E03E-1F5BEBA0ECC8}.Release|Any CPU.Build.0 = Release|Any CPU
		{3B8DC658-2275-E4FC-D382-63BA2C3340C8}.Debug|Any CPU.ActiveCfg = Debug|Any CPU
		{3B8DC658-2275-E4FC-D382-63BA2C3340C8}.Debug|Any CPU.Build.0 = Debug|Any CPU
		{3B8DC658-2275-E4FC-D382-63BA2C3340C8}.Release|Any CPU.ActiveCfg = Release|Any CPU
		{3B8DC658-2275-E4FC-D382-63BA2C3340C8}.Release|Any CPU.Build.0 = Release|Any CPU
		{E4FCEC30-C4B0-0BE3-BEB4-4F4A18D2C5C3}.Debug|Any CPU.ActiveCfg = Debug|Any CPU
		{E4FCEC30-C4B0-0BE3-BEB4-4F4A18D2C5C3}.Debug|Any CPU.Build.0 = Debug|Any CPU
		{E4FCEC30-C4B0-0BE3-BEB4-4F4A18D2C5C3}.Release|Any CPU.ActiveCfg = Release|Any CPU
		{E4FCEC30-C4B0-0BE3-BEB4-4F4A18D2C5C3}.Release|Any CPU.Build.0 = Release|Any CPU
		{10E1B761-4C64-C09F-E8C2-C44932D99CF9}.Debug|Any CPU.ActiveCfg = Debug|Any CPU
		{10E1B761-4C64-C09F-E8C2-C44932D99CF9}.Debug|Any CPU.Build.0 = Debug|Any CPU
		{10E1B761-4C64-C09F-E8C2-C44932D99CF9}.Release|Any CPU.ActiveCfg = Release|Any CPU
		{10E1B761-4C64-C09F-E8C2-C44932D99CF9}.Release|Any CPU.Build.0 = Release|Any CPU
		{7176AE6D-D3C8-3D2C-0C5B-6E7AAF4F4016}.Debug|Any CPU.ActiveCfg = Debug|Any CPU
		{7176AE6D-D3C8-3D2C-0C5B-6E7AAF4F4016}.Debug|Any CPU.Build.0 = Debug|Any CPU
		{7176AE6D-D3C8-3D2C-0C5B-6E7AAF4F4016}.Release|Any CPU.ActiveCfg = Release|Any CPU
		{7176AE6D-D3C8-3D2C-0C5B-6E7AAF4F4016}.Release|Any CPU.Build.0 = Release|Any CPU
		{13E8CD3C-F8E6-AC64-0B4C-A6D98485114D}.Debug|Any CPU.ActiveCfg = Debug|Any CPU
		{13E8CD3C-F8E6-AC64-0B4C-A6D98485114D}.Debug|Any CPU.Build.0 = Debug|Any CPU
		{13E8CD3C-F8E6-AC64-0B4C-A6D98485114D}.Release|Any CPU.ActiveCfg = Release|Any CPU
		{13E8CD3C-F8E6-AC64-0B4C-A6D98485114D}.Release|Any CPU.Build.0 = Release|Any CPU
		{D34E5CE4-5B76-7090-9D2D-A3D5EF360107}.Debug|Any CPU.ActiveCfg = Debug|Any CPU
		{D34E5CE4-5B76-7090-9D2D-A3D5EF360107}.Debug|Any CPU.Build.0 = Debug|Any CPU
		{D34E5CE4-5B76-7090-9D2D-A3D5EF360107}.Release|Any CPU.ActiveCfg = Release|Any CPU
		{D34E5CE4-5B76-7090-9D2D-A3D5EF360107}.Release|Any CPU.Build.0 = Release|Any CPU
		{E0B7CAEF-9E21-B2BA-4583-C844BAB00579}.Debug|Any CPU.ActiveCfg = Debug|Any CPU
		{E0B7CAEF-9E21-B2BA-4583-C844BAB00579}.Debug|Any CPU.Build.0 = Debug|Any CPU
		{E0B7CAEF-9E21-B2BA-4583-C844BAB00579}.Release|Any CPU.ActiveCfg = Release|Any CPU
		{E0B7CAEF-9E21-B2BA-4583-C844BAB00579}.Release|Any CPU.Build.0 = Release|Any CPU
		{C3D05BB2-AF0C-A165-0916-5BFB70E537AB}.Debug|Any CPU.ActiveCfg = Debug|Any CPU
		{C3D05BB2-AF0C-A165-0916-5BFB70E537AB}.Debug|Any CPU.Build.0 = Debug|Any CPU
		{C3D05BB2-AF0C-A165-0916-5BFB70E537AB}.Release|Any CPU.ActiveCfg = Release|Any CPU
		{C3D05BB2-AF0C-A165-0916-5BFB70E537AB}.Release|Any CPU.Build.0 = Release|Any CPU
		{85CF913F-F9A3-38CE-A05E-098F48748ACC}.Debug|Any CPU.ActiveCfg = Debug|Any CPU
		{85CF913F-F9A3-38CE-A05E-098F48748ACC}.Debug|Any CPU.Build.0 = Debug|Any CPU
		{85CF913F-F9A3-38CE-A05E-098F48748ACC}.Release|Any CPU.ActiveCfg = Release|Any CPU
		{85CF913F-F9A3-38CE-A05E-098F48748ACC}.Release|Any CPU.Build.0 = Release|Any CPU
	EndGlobalSection
	GlobalSection(SolutionProperties) = preSolution
		HideSolutionNode = FALSE
	EndGlobalSection
	GlobalSection(NestedProjects) = preSolution
		{89344CC3-B5AF-53AE-9D67-701EAFC924D7} = {BFFE46BE-CFF1-E1C6-7AD5-CDF176FC29CB}
		{0914FCCE-F4C7-5EDF-AA39-07ADECDF8E68} = {4E413CF2-FB17-FD1F-861B-ECC4D257193A}
		{801BF5E5-D976-4C86-61CB-E5013E166929} = {72B49997-8F19-A41B-2BBE-847CBA9D8306}
		{B80B8562-AC32-30EB-9FEE-22B570A032CA} = {69DE3606-E6BD-F908-5CD8-DB4CD6952042}
		{166DD93E-481F-A73F-96B2-0F1D41444584} = {DE5099B2-D13E-267B-C9FE-745C1A486D27}
		{C51200AE-AB28-260B-9100-418EE8BF15D3} = {20BFF5ED-70DB-7AA9-F968-5FE6469E2881}
		{E8270392-A40D-71D6-5E1A-ADF079B0973A} = {1FCE5EA6-6928-5B05-C03E-2477F1C8D27E}
		{F21A6E78-E2C4-40F8-E402-5949EF9A84C5} = {24286450-5083-9283-75A7-E6CC9BE46900}
		{07D57A23-DC69-B76B-C7E9-549D29E0185E} = {55BB4B61-A46D-CA15-B656-41E74403A653}
		{0F136BE4-4160-5559-CBAE-BD611A59835A} = {D88CDF77-CF44-0C4F-1E22-2145FFED0E3B}
		{880FE2D0-C4A9-5FEF-5219-2008C7645807} = {487BC188-79EA-5012-127D-33ED91D43D82}
		{F227EDAF-5189-02FD-E03E-1F5BEBA0ECC8} = {EF50D627-C5D3-DF95-3935-50B9AEB53C8F}
		{3B8DC658-2275-E4FC-D382-63BA2C3340C8} = {BE49F5CC-47D4-B6EE-0617-A6B3BEAAA92C}
		{E4FCEC30-C4B0-0BE3-BEB4-4F4A18D2C5C3} = {C1307707-F12E-78A4-366B-68670753E97D}
		{10E1B761-4C64-C09F-E8C2-C44932D99CF9} = {B15826BD-85A8-9F54-C787-F69A4B2917A0}
		{7176AE6D-D3C8-3D2C-0C5B-6E7AAF4F4016} = {5EFF02A9-98AF-0A35-3074-BCE925771623}
		{13E8CD3C-F8E6-AC64-0B4C-A6D98485114D} = {7E44A007-2D1C-AF09-6B35-E80AFB399CC6}
		{D34E5CE4-5B76-7090-9D2D-A3D5EF360107} = {6AB21B39-2C3D-47FD-ADB4-5EDDDB833254}
		{E0B7CAEF-9E21-B2BA-4583-C844BAB00579} = {541CB66F-BE24-BB0A-4BF7-61A3F2C80036}
		{C3D05BB2-AF0C-A165-0916-5BFB70E537AB} = {4C3855D9-575D-BEE4-537D-E565805A7032}
		{85CF913F-F9A3-38CE-A05E-098F48748ACC} = {170A6967-FC07-DEA8-89E9-33783D940DC2}
	EndGlobalSection
	GlobalSection(ExtensibilityGlobals) = postSolution
		SolutionGuid = {554BE964-8C6A-4BDB-B18A-4C0B0907F416}
	EndGlobalSection
EndGlobal
